
Microsoft Visual Studio Solution File, Format Version 12.00
# Visual Studio Version 17
VisualStudioVersion = 17.13.35825.156
MinimumVisualStudioVersion = 10.0.40219.1
Project("{FAE04EC0-301F-11D3-BF4B-00C04F79EFBC}") = "BulkyWeb", "BulkyWeb\BulkyWeb.csproj", "{082E6478-A14F-4312-8DFA-29BE2589885C}"
EndProject
Project("{FAE04EC0-301F-11D3-BF4B-00C04F79EFBC}") = "Bulky.DataAccess", "Bulky.DataAccess\Bulky.DataAccess.csproj", "{3B18D695-E112-41BA-ABA5-9F0218606AD3}"
EndProject
Project("{FAE04EC0-301F-11D3-BF4B-00C04F79EFBC}") = "Bulky.Models", "Bulky.Models\Bulky.Models.csproj", "{3EF2D124-8E10-431E-8727-8451CF30753B}"
EndProject
Project("{FAE04EC0-301F-11D3-BF4B-00C04F79EFBC}") = "Bulky.Utility", "Bulky.Utility\Bulky.Utility.csproj", "{D1539041-3176-4B2F-A15C-84A48222C45F}"
EndProject
Global
	GlobalSection(SolutionConfigurationPlatforms) = preSolution
		Debug|Any CPU = Debug|Any CPU
		Release|Any CPU = Release|Any CPU
	EndGlobalSection
	GlobalSection(ProjectConfigurationPlatforms) = postSolution
		{082E6478-A14F-4312-8DFA-29BE2589885C}.Debug|Any CPU.ActiveCfg = Debug|Any CPU
		{082E6478-A14F-4312-8DFA-29BE2589885C}.Debug|Any CPU.Build.0 = Debug|Any CPU
		{082E6478-A14F-4312-8DFA-29BE2589885C}.Release|Any CPU.ActiveCfg = Release|Any CPU
		{082E6478-A14F-4312-8DFA-29BE2589885C}.Release|Any CPU.Build.0 = Release|Any CPU
		{3B18D695-E112-41BA-ABA5-9F0218606AD3}.Debug|Any CPU.ActiveCfg = Debug|Any CPU
		{3B18D695-E112-41BA-ABA5-9F0218606AD3}.Debug|Any CPU.Build.0 = Debug|Any CPU
		{3B18D695-E112-41BA-ABA5-9F0218606AD3}.Release|Any CPU.ActiveCfg = Release|Any CPU
		{3B18D695-E112-41BA-ABA5-9F0218606AD3}.Release|Any CPU.Build.0 = Release|Any CPU
		{3EF2D124-8E10-431E-8727-8451CF30753B}.Debug|Any CPU.ActiveCfg = Debug|Any CPU
		{3EF2D124-8E10-431E-8727-8451CF30753B}.Debug|Any CPU.Build.0 = Debug|Any CPU
		{3EF2D124-8E10-431E-8727-8451CF30753B}.Release|Any CPU.ActiveCfg = Release|Any CPU
		{3EF2D124-8E10-431E-8727-8451CF30753B}.Release|Any CPU.Build.0 = Release|Any CPU
		{D1539041-3176-4B2F-A15C-84A48222C45F}.Debug|Any CPU.ActiveCfg = Debug|Any CPU
		{D1539041-3176-4B2F-A15C-84A48222C45F}.Debug|Any CPU.Build.0 = Debug|Any CPU
		{D1539041-3176-4B2F-A15C-84A48222C45F}.Release|Any CPU.ActiveCfg = Release|Any CPU
		{D1539041-3176-4B2F-A15C-84A48222C45F}.Release|Any CPU.Build.0 = Release|Any CPU
	EndGlobalSection
	GlobalSection(SolutionProperties) = preSolution
		HideSolutionNode = FALSE
	EndGlobalSection
	GlobalSection(ExtensibilityGlobals) = postSolution
		SolutionGuid = {0EB873A6-6251-4545-87FC-9941887CD927}
	EndGlobalSection
EndGlobal
