
Microsoft Visual Studio Solution File, Format Version 12.00
# Visual Studio Version 17
VisualStudioVersion = 17.13.35825.156 d17.13
MinimumVisualStudioVersion = 10.0.40219.1
Project("{FAE04EC0-301F-11D3-BF4B-00C04F79EFBC}") = "BulkyWeb", "BulkyWeb\BulkyWeb.csproj", "{EE917EE8-0CB7-4B31-BF81-FD30B6B3AB06}"
EndProject
Global
	GlobalSection(SolutionConfigurationPlatforms) = preSolution
		Debug|Any CPU = Debug|Any CPU
		Release|Any CPU = Release|Any CPU
	EndGlobalSection
	GlobalSection(ProjectConfigurationPlatforms) = postSolution
		{EE917EE8-0CB7-4B31-BF81-FD30B6B3AB06}.Debug|Any CPU.ActiveCfg = Debug|Any CPU
		{EE917EE8-0CB7-4B31-BF81-FD30B6B3AB06}.Debug|Any CPU.Build.0 = Debug|Any CPU
		{EE917EE8-0CB7-4B31-BF81-FD30B6B3AB06}.Release|Any CPU.ActiveCfg = Release|Any CPU
		{EE917EE8-0CB7-4B31-BF81-FD30B6B3AB06}.Release|Any CPU.Build.0 = Release|Any CPU
	EndGlobalSection
	GlobalSection(SolutionProperties) = preSolution
		HideSolutionNode = FALSE
	EndGlobalSection
	GlobalSection(ExtensibilityGlobals) = postSolution
		SolutionGuid = {0EB873A6-6251-4545-87FC-9941887CD927}
	EndGlobalSection
EndGlobal
